# This file is automatically @generated by Cargo.
# It is not intended for manual editing.
version = 4

[[package]]
name = "kjxlkj"
version = "0.1.0"

[[package]]
name = "kjxlkj-core"
version = "0.1.0"

[[package]]
name = "kjxlkj-core-edit"
version = "0.1.0"

[[package]]
name = "kjxlkj-core-mode"
version = "0.1.0"

[[package]]
name = "kjxlkj-core-state"
version = "0.1.0"

[[package]]
name = "kjxlkj-core-text"
version = "0.1.0"

[[package]]
name = "kjxlkj-core-types"
version = "0.1.0"

[[package]]
name = "kjxlkj-core-ui"
version = "0.1.0"

[[package]]
name = "kjxlkj-core-undo"
version = "0.1.0"

[[package]]
name = "kjxlkj-host"
version = "0.1.0"

[[package]]
name = "kjxlkj-input"
version = "0.1.0"

[[package]]
name = "kjxlkj-render"
version = "0.1.0"

[[package]]
name = "kjxlkj-service-explorer"
version = "0.1.0"

[[package]]
name = "kjxlkj-service-fs"
version = "0.1.0"

[[package]]
name = "kjxlkj-service-git"
version = "0.1.0"

[[package]]
name = "kjxlkj-service-index"
version = "0.1.0"

[[package]]
name = "kjxlkj-service-lsp"
version = "0.1.0"

[[package]]
name = "kjxlkj-service-terminal"
version = "0.1.0"

[[package]]
name = "kjxlkj-services"
version = "0.1.0"

[[package]]
name = "kjxlkj-test-harness"
version = "0.1.0"
